
Microsoft Visual Studio Solution File, Format Version 12.00
# Visual Studio 14
VisualStudioVersion = 14.0.24720.0
MinimumVisualStudioVersion = 10.0.40219.1
Project("{FAE04EC0-301F-11D3-BF4B-00C04F79EFBC}") = "ExperimentalDatabaseProgramv1", "ExperimentalDatabaseProgramv1\ExperimentalDatabaseProgramv1.csproj", "{66BEDCEC-6B15-4B79-BD18-680C2BB684FF}"
EndProject
Global
	GlobalSection(SolutionConfigurationPlatforms) = preSolution
		Debug|Any CPU = Debug|Any CPU
		Release|Any CPU = Release|Any CPU
	EndGlobalSection
	GlobalSection(ProjectConfigurationPlatforms) = postSolution
		{66BEDCEC-6B15-4B79-BD18-680C2BB684FF}.Debug|Any CPU.ActiveCfg = Debug|Any CPU
		{66BEDCEC-6B15-4B79-BD18-680C2BB684FF}.Debug|Any CPU.Build.0 = Debug|Any CPU
		{66BEDCEC-6B15-4B79-BD18-680C2BB684FF}.Release|Any CPU.ActiveCfg = Release|Any CPU
		{66BEDCEC-6B15-4B79-BD18-680C2BB684FF}.Release|Any CPU.Build.0 = Release|Any CPU
	EndGlobalSection
	GlobalSection(SolutionProperties) = preSolution
		HideSolutionNode = FALSE
	EndGlobalSection
EndGlobal
