
Microsoft Visual Studio Solution File, Format Version 12.00
# Visual Studio 14
VisualStudioVersion = 14.0.25420.1
MinimumVisualStudioVersion = 10.0.40219.1
Project("{FAE04EC0-301F-11D3-BF4B-00C04F79EFBC}") = "MoreCSharp", "MoreCSharp\MoreCSharp.csproj", "{3B0E391C-C7B9-42F5-89B9-4FB0E3CD5DB1}"
EndProject
Project("{FAE04EC0-301F-11D3-BF4B-00C04F79EFBC}") = "FormsAndFiles", "FormsAndFiles\FormsAndFiles.csproj", "{FB4363FD-9F9D-4B80-81AE-0C768EFC906D}"
EndProject
Project("{FAE04EC0-301F-11D3-BF4B-00C04F79EFBC}") = "ConsoleApplication1", "ConsoleApplication1\ConsoleApplication1.csproj", "{F3C662BE-7207-4146-BD25-992FBBCF31EE}"
EndProject
Global
	GlobalSection(SolutionConfigurationPlatforms) = preSolution
		Debug|Any CPU = Debug|Any CPU
		Release|Any CPU = Release|Any CPU
	EndGlobalSection
	GlobalSection(ProjectConfigurationPlatforms) = postSolution
		{3B0E391C-C7B9-42F5-89B9-4FB0E3CD5DB1}.Debug|Any CPU.ActiveCfg = Debug|Any CPU
		{3B0E391C-C7B9-42F5-89B9-4FB0E3CD5DB1}.Debug|Any CPU.Build.0 = Debug|Any CPU
		{3B0E391C-C7B9-42F5-89B9-4FB0E3CD5DB1}.Release|Any CPU.ActiveCfg = Release|Any CPU
		{3B0E391C-C7B9-42F5-89B9-4FB0E3CD5DB1}.Release|Any CPU.Build.0 = Release|Any CPU
		{FB4363FD-9F9D-4B80-81AE-0C768EFC906D}.Debug|Any CPU.ActiveCfg = Debug|Any CPU
		{FB4363FD-9F9D-4B80-81AE-0C768EFC906D}.Debug|Any CPU.Build.0 = Debug|Any CPU
		{FB4363FD-9F9D-4B80-81AE-0C768EFC906D}.Release|Any CPU.ActiveCfg = Release|Any CPU
		{FB4363FD-9F9D-4B80-81AE-0C768EFC906D}.Release|Any CPU.Build.0 = Release|Any CPU
		{F3C662BE-7207-4146-BD25-992FBBCF31EE}.Debug|Any CPU.ActiveCfg = Debug|Any CPU
		{F3C662BE-7207-4146-BD25-992FBBCF31EE}.Debug|Any CPU.Build.0 = Debug|Any CPU
		{F3C662BE-7207-4146-BD25-992FBBCF31EE}.Release|Any CPU.ActiveCfg = Release|Any CPU
		{F3C662BE-7207-4146-BD25-992FBBCF31EE}.Release|Any CPU.Build.0 = Release|Any CPU
	EndGlobalSection
	GlobalSection(SolutionProperties) = preSolution
		HideSolutionNode = FALSE
	EndGlobalSection
EndGlobal
